// !$*UTF8*$!
{
	archiveVersion = 1;
	classes = {
	};
	objectVersion = 55;
	objects = {

/* Begin PBXBuildFile section */
		175E97A22779A48B00C31B46 /* ProductsAssembler.swift in Sources */ = {isa = PBXBuildFile; fileRef = 175E979D2779A48B00C31B46 /* ProductsAssembler.swift */; };
		175E97A32779A48B00C31B46 /* ProductsNavigator.swift in Sources */ = {isa = PBXBuildFile; fileRef = 175E979E2779A48B00C31B46 /* ProductsNavigator.swift */; };
		175E97A42779A48B00C31B46 /* ProductsUseCase.swift in Sources */ = {isa = PBXBuildFile; fileRef = 175E979F2779A48B00C31B46 /* ProductsUseCase.swift */; };
		175E97A52779A48B00C31B46 /* ProductsViewController.swift in Sources */ = {isa = PBXBuildFile; fileRef = 175E97A02779A48B00C31B46 /* ProductsViewController.swift */; };
		175E97A62779A48B00C31B46 /* ProductsViewModel.swift in Sources */ = {isa = PBXBuildFile; fileRef = 175E97A12779A48B00C31B46 /* ProductsViewModel.swift */; };
		175E97A82779A67F00C31B46 /* Product.storyboard in Resources */ = {isa = PBXBuildFile; fileRef = 175E97A72779A67F00C31B46 /* Product.storyboard */; };
		175E97AA2779A6D100C31B46 /* Storyboards+Product.swift in Sources */ = {isa = PBXBuildFile; fileRef = 175E97A92779A6D100C31B46 /* Storyboards+Product.swift */; };
		175E97AC2779A82C00C31B46 /* Product.swift in Sources */ = {isa = PBXBuildFile; fileRef = 175E97AB2779A82C00C31B46 /* Product.swift */; };
		175E97AF2779AABA00C31B46 /* ProductCell.swift in Sources */ = {isa = PBXBuildFile; fileRef = 175E97AD2779AABA00C31B46 /* ProductCell.swift */; };
		175E97B02779AABA00C31B46 /* ProductCell.xib in Resources */ = {isa = PBXBuildFile; fileRef = 175E97AE2779AABA00C31B46 /* ProductCell.xib */; };
		175E97B32779ACB600C31B46 /* GetProductList.swift in Sources */ = {isa = PBXBuildFile; fileRef = 175E97B22779ACB600C31B46 /* GetProductList.swift */; };
		175E97B62779ADA900C31B46 /* UserRepository.swift in Sources */ = {isa = PBXBuildFile; fileRef = 175E97B52779ADA900C31B46 /* UserRepository.swift */; };
		175E97BC2779AE1800C31B46 /* ProductGateway.swift in Sources */ = {isa = PBXBuildFile; fileRef = 175E97BB2779AE1800C31B46 /* ProductGateway.swift */; };
		175E97BE2779AE8300C31B46 /* ProductRepository.swift in Sources */ = {isa = PBXBuildFile; fileRef = 175E97BD2779AE8300C31B46 /* ProductRepository.swift */; };
		17FAC1892779A15500E3C190 /* AppDelegate.swift in Sources */ = {isa = PBXBuildFile; fileRef = 17FAC1882779A15500E3C190 /* AppDelegate.swift */; };
		17FAC18B2779A15500E3C190 /* Podfile in Resources */ = {isa = PBXBuildFile; fileRef = 17FAC18A2779A15500E3C190 /* Podfile */; };
		17FAC18D2779A15500E3C190 /* .swiftlint.yml in Resources */ = {isa = PBXBuildFile; fileRef = 17FAC18C2779A15500E3C190 /* .swiftlint.yml */; };
		17FAC18F2779A15500E3C190 /* Assembler.swift in Sources */ = {isa = PBXBuildFile; fileRef = 17FAC18E2779A15500E3C190 /* Assembler.swift */; };
		17FAC1912779A15500E3C190 /* UnitTestViewController.swift in Sources */ = {isa = PBXBuildFile; fileRef = 17FAC1902779A15500E3C190 /* UnitTestViewController.swift */; };
		17FAC1942779A15500E3C190 /* APIUrls.swift in Sources */ = {isa = PBXBuildFile; fileRef = 17FAC1932779A15500E3C190 /* APIUrls.swift */; };
		17FAC19F2779A15500E3C190 /* APIError.swift in Sources */ = {isa = PBXBuildFile; fileRef = 17FAC19E2779A15500E3C190 /* APIError.swift */; };
		17FAC1A12779A15500E3C190 /* APIInput.swift in Sources */ = {isa = PBXBuildFile; fileRef = 17FAC1A02779A15500E3C190 /* APIInput.swift */; };
		17FAC1A32779A15500E3C190 /* APIOutput.swift in Sources */ = {isa = PBXBuildFile; fileRef = 17FAC1A22779A15500E3C190 /* APIOutput.swift */; };
		17FAC1A52779A15500E3C190 /* APIService.swift in Sources */ = {isa = PBXBuildFile; fileRef = 17FAC1A42779A15500E3C190 /* APIService.swift */; };
		17FAC1A82779A15500E3C190 /* GatewaysAssembler.swift in Sources */ = {isa = PBXBuildFile; fileRef = 17FAC1A72779A15500E3C190 /* GatewaysAssembler.swift */; };
		17FAC1AB2779A15500E3C190 /* Storyboards.swift in Sources */ = {isa = PBXBuildFile; fileRef = 17FAC1AA2779A15500E3C190 /* Storyboards.swift */; };
		17FAC1AE2779A15500E3C190 /* AppAssembler.swift in Sources */ = {isa = PBXBuildFile; fileRef = 17FAC1AD2779A15500E3C190 /* AppAssembler.swift */; };
		17FAC1B02779A15500E3C190 /* AppNavigator.swift in Sources */ = {isa = PBXBuildFile; fileRef = 17FAC1AF2779A15500E3C190 /* AppNavigator.swift */; };
		17FAC1B22779A15500E3C190 /* AppUseCase.swift in Sources */ = {isa = PBXBuildFile; fileRef = 17FAC1B12779A15500E3C190 /* AppUseCase.swift */; };
		17FAC1B42779A15500E3C190 /* AppViewModel.swift in Sources */ = {isa = PBXBuildFile; fileRef = 17FAC1B32779A15500E3C190 /* AppViewModel.swift */; };
		17FAC1B72779A15500E3C190 /* Main.storyboard in Resources */ = {isa = PBXBuildFile; fileRef = 17FAC1B62779A15500E3C190 /* Main.storyboard */; };
		17FAC1B92779A15500E3C190 /* Storyboards+Main.swift in Sources */ = {isa = PBXBuildFile; fileRef = 17FAC1B82779A15500E3C190 /* Storyboards+Main.swift */; };
		17FAC1BB2779A15500E3C190 /* MainAssembler.swift in Sources */ = {isa = PBXBuildFile; fileRef = 17FAC1BA2779A15500E3C190 /* MainAssembler.swift */; };
		17FAC1BD2779A15500E3C190 /* MainNavigator.swift in Sources */ = {isa = PBXBuildFile; fileRef = 17FAC1BC2779A15500E3C190 /* MainNavigator.swift */; };
		17FAC1BF2779A15500E3C190 /* MainUseCase.swift in Sources */ = {isa = PBXBuildFile; fileRef = 17FAC1BE2779A15500E3C190 /* MainUseCase.swift */; };
		17FAC1C12779A15500E3C190 /* MainViewController.swift in Sources */ = {isa = PBXBuildFile; fileRef = 17FAC1C02779A15500E3C190 /* MainViewController.swift */; };
		17FAC1C32779A15500E3C190 /* MainViewModel.swift in Sources */ = {isa = PBXBuildFile; fileRef = 17FAC1C22779A15500E3C190 /* MainViewModel.swift */; };
		17FAC1C62779A15500E3C190 /* UIViewController+.swift in Sources */ = {isa = PBXBuildFile; fileRef = 17FAC1C52779A15500E3C190 /* UIViewController+.swift */; };
		17FAC1C82779A15500E3C190 /* UIViewController+Rx.swift in Sources */ = {isa = PBXBuildFile; fileRef = 17FAC1C72779A15500E3C190 /* UIViewController+Rx.swift */; };
		17FAC1CA2779A15600E3C190 /* Assets.xcassets in Resources */ = {isa = PBXBuildFile; fileRef = 17FAC1C92779A15600E3C190 /* Assets.xcassets */; };
		17FAC1CD2779A15600E3C190 /* LaunchScreen.storyboard in Resources */ = {isa = PBXBuildFile; fileRef = 17FAC1CB2779A15600E3C190 /* LaunchScreen.storyboard */; };
		4649616BB4E36B5DC176911C /* Pods_ProductListDemo.framework in Frameworks */ = {isa = PBXBuildFile; fileRef = 118EEA5579817C1E1257A3E9 /* Pods_ProductListDemo.framework */; };
/* End PBXBuildFile section */

/* Begin PBXFileReference section */
		118EEA5579817C1E1257A3E9 /* Pods_ProductListDemo.framework */ = {isa = PBXFileReference; explicitFileType = wrapper.framework; includeInIndex = 0; path = Pods_ProductListDemo.framework; sourceTree = BUILT_PRODUCTS_DIR; };
		175E979D2779A48B00C31B46 /* ProductsAssembler.swift */ = {isa = PBXFileReference; lastKnownFileType = sourcecode.swift; path = ProductsAssembler.swift; sourceTree = "<group>"; };
		175E979E2779A48B00C31B46 /* ProductsNavigator.swift */ = {isa = PBXFileReference; lastKnownFileType = sourcecode.swift; path = ProductsNavigator.swift; sourceTree = "<group>"; };
		175E979F2779A48B00C31B46 /* ProductsUseCase.swift */ = {isa = PBXFileReference; lastKnownFileType = sourcecode.swift; path = ProductsUseCase.swift; sourceTree = "<group>"; };
		175E97A02779A48B00C31B46 /* ProductsViewController.swift */ = {isa = PBXFileReference; lastKnownFileType = sourcecode.swift; path = ProductsViewController.swift; sourceTree = "<group>"; };
		175E97A12779A48B00C31B46 /* ProductsViewModel.swift */ = {isa = PBXFileReference; lastKnownFileType = sourcecode.swift; path = ProductsViewModel.swift; sourceTree = "<group>"; };
		175E97A72779A67F00C31B46 /* Product.storyboard */ = {isa = PBXFileReference; lastKnownFileType = file.storyboard; path = Product.storyboard; sourceTree = "<group>"; };
		175E97A92779A6D100C31B46 /* Storyboards+Product.swift */ = {isa = PBXFileReference; lastKnownFileType = sourcecode.swift; path = "Storyboards+Product.swift"; sourceTree = "<group>"; };
		175E97AB2779A82C00C31B46 /* Product.swift */ = {isa = PBXFileReference; lastKnownFileType = sourcecode.swift; path = Product.swift; sourceTree = "<group>"; };
		175E97AD2779AABA00C31B46 /* ProductCell.swift */ = {isa = PBXFileReference; lastKnownFileType = sourcecode.swift; path = ProductCell.swift; sourceTree = "<group>"; };
		175E97AE2779AABA00C31B46 /* ProductCell.xib */ = {isa = PBXFileReference; lastKnownFileType = file.xib; path = ProductCell.xib; sourceTree = "<group>"; };
		175E97B22779ACB600C31B46 /* GetProductList.swift */ = {isa = PBXFileReference; lastKnownFileType = sourcecode.swift; path = GetProductList.swift; sourceTree = "<group>"; };
		175E97B52779ADA900C31B46 /* UserRepository.swift */ = {isa = PBXFileReference; lastKnownFileType = sourcecode.swift; path = UserRepository.swift; sourceTree = "<group>"; };
		175E97BB2779AE1800C31B46 /* ProductGateway.swift */ = {isa = PBXFileReference; lastKnownFileType = sourcecode.swift; path = ProductGateway.swift; sourceTree = "<group>"; };
		175E97BD2779AE8300C31B46 /* ProductRepository.swift */ = {isa = PBXFileReference; fileEncoding = 4; lastKnownFileType = sourcecode.swift; name = ProductRepository.swift; path = ../../../../../.Trash/ProductRepository.swift; sourceTree = "<group>"; };
		17FAC1852779A15500E3C190 /* ProductListDemo.app */ = {isa = PBXFileReference; explicitFileType = wrapper.application; includeInIndex = 0; path = ProductListDemo.app; sourceTree = BUILT_PRODUCTS_DIR; };
		17FAC1882779A15500E3C190 /* AppDelegate.swift */ = {isa = PBXFileReference; lastKnownFileType = sourcecode.swift; path = AppDelegate.swift; sourceTree = "<group>"; };
		17FAC18A2779A15500E3C190 /* Podfile */ = {isa = PBXFileReference; lastKnownFileType = text; name = Podfile; path = ../Podfile; sourceTree = "<group>"; };
		17FAC18C2779A15500E3C190 /* .swiftlint.yml */ = {isa = PBXFileReference; lastKnownFileType = text.yaml; name = .swiftlint.yml; path = ../.swiftlint.yml; sourceTree = "<group>"; };
		17FAC18E2779A15500E3C190 /* Assembler.swift */ = {isa = PBXFileReference; lastKnownFileType = sourcecode.swift; path = Assembler.swift; sourceTree = "<group>"; };
		17FAC1902779A15500E3C190 /* UnitTestViewController.swift */ = {isa = PBXFileReference; lastKnownFileType = sourcecode.swift; path = UnitTestViewController.swift; sourceTree = "<group>"; };
		17FAC1932779A15500E3C190 /* APIUrls.swift */ = {isa = PBXFileReference; lastKnownFileType = sourcecode.swift; path = APIUrls.swift; sourceTree = "<group>"; };
		17FAC19E2779A15500E3C190 /* APIError.swift */ = {isa = PBXFileReference; lastKnownFileType = sourcecode.swift; path = APIError.swift; sourceTree = "<group>"; };
		17FAC1A02779A15500E3C190 /* APIInput.swift */ = {isa = PBXFileReference; lastKnownFileType = sourcecode.swift; path = APIInput.swift; sourceTree = "<group>"; };
		17FAC1A22779A15500E3C190 /* APIOutput.swift */ = {isa = PBXFileReference; lastKnownFileType = sourcecode.swift; path = APIOutput.swift; sourceTree = "<group>"; };
		17FAC1A42779A15500E3C190 /* APIService.swift */ = {isa = PBXFileReference; lastKnownFileType = sourcecode.swift; path = APIService.swift; sourceTree = "<group>"; };
		17FAC1A72779A15500E3C190 /* GatewaysAssembler.swift */ = {isa = PBXFileReference; lastKnownFileType = sourcecode.swift; path = GatewaysAssembler.swift; sourceTree = "<group>"; };
		17FAC1AA2779A15500E3C190 /* Storyboards.swift */ = {isa = PBXFileReference; lastKnownFileType = sourcecode.swift; path = Storyboards.swift; sourceTree = "<group>"; };
		17FAC1AD2779A15500E3C190 /* AppAssembler.swift */ = {isa = PBXFileReference; lastKnownFileType = sourcecode.swift; path = AppAssembler.swift; sourceTree = "<group>"; };
		17FAC1AF2779A15500E3C190 /* AppNavigator.swift */ = {isa = PBXFileReference; lastKnownFileType = sourcecode.swift; path = AppNavigator.swift; sourceTree = "<group>"; };
		17FAC1B12779A15500E3C190 /* AppUseCase.swift */ = {isa = PBXFileReference; lastKnownFileType = sourcecode.swift; path = AppUseCase.swift; sourceTree = "<group>"; };
		17FAC1B32779A15500E3C190 /* AppViewModel.swift */ = {isa = PBXFileReference; lastKnownFileType = sourcecode.swift; path = AppViewModel.swift; sourceTree = "<group>"; };
		17FAC1B62779A15500E3C190 /* Main.storyboard */ = {isa = PBXFileReference; lastKnownFileType = file.storyboard; path = Main.storyboard; sourceTree = "<group>"; };
		17FAC1B82779A15500E3C190 /* Storyboards+Main.swift */ = {isa = PBXFileReference; lastKnownFileType = sourcecode.swift; path = "Storyboards+Main.swift"; sourceTree = "<group>"; };
		17FAC1BA2779A15500E3C190 /* MainAssembler.swift */ = {isa = PBXFileReference; lastKnownFileType = sourcecode.swift; path = MainAssembler.swift; sourceTree = "<group>"; };
		17FAC1BC2779A15500E3C190 /* MainNavigator.swift */ = {isa = PBXFileReference; lastKnownFileType = sourcecode.swift; path = MainNavigator.swift; sourceTree = "<group>"; };
		17FAC1BE2779A15500E3C190 /* MainUseCase.swift */ = {isa = PBXFileReference; lastKnownFileType = sourcecode.swift; path = MainUseCase.swift; sourceTree = "<group>"; };
		17FAC1C02779A15500E3C190 /* MainViewController.swift */ = {isa = PBXFileReference; lastKnownFileType = sourcecode.swift; path = MainViewController.swift; sourceTree = "<group>"; };
		17FAC1C22779A15500E3C190 /* MainViewModel.swift */ = {isa = PBXFileReference; lastKnownFileType = sourcecode.swift; path = MainViewModel.swift; sourceTree = "<group>"; };
		17FAC1C52779A15500E3C190 /* UIViewController+.swift */ = {isa = PBXFileReference; lastKnownFileType = sourcecode.swift; path = "UIViewController+.swift"; sourceTree = "<group>"; };
		17FAC1C72779A15500E3C190 /* UIViewController+Rx.swift */ = {isa = PBXFileReference; lastKnownFileType = sourcecode.swift; path = "UIViewController+Rx.swift"; sourceTree = "<group>"; };
		17FAC1C92779A15600E3C190 /* Assets.xcassets */ = {isa = PBXFileReference; lastKnownFileType = folder.assetcatalog; path = Assets.xcassets; sourceTree = "<group>"; };
		17FAC1CC2779A15600E3C190 /* Base */ = {isa = PBXFileReference; lastKnownFileType = file.storyboard; name = Base; path = Base.lproj/LaunchScreen.storyboard; sourceTree = "<group>"; };
		18E6F0B28CE1AD87DAD50EAD /* Pods-ProductListDemo.debug.xcconfig */ = {isa = PBXFileReference; includeInIndex = 1; lastKnownFileType = text.xcconfig; name = "Pods-ProductListDemo.debug.xcconfig"; path = "Target Support Files/Pods-ProductListDemo/Pods-ProductListDemo.debug.xcconfig"; sourceTree = "<group>"; };
		A0B53E73CC9DA5F0AFF28911 /* Pods-ProductListDemo.release.xcconfig */ = {isa = PBXFileReference; includeInIndex = 1; lastKnownFileType = text.xcconfig; name = "Pods-ProductListDemo.release.xcconfig"; path = "Target Support Files/Pods-ProductListDemo/Pods-ProductListDemo.release.xcconfig"; sourceTree = "<group>"; };
/* End PBXFileReference section */

/* Begin PBXFrameworksBuildPhase section */
		17FAC1822779A15500E3C190 /* Frameworks */ = {
			isa = PBXFrameworksBuildPhase;
			buildActionMask = 2147483647;
			files = (
				4649616BB4E36B5DC176911C /* Pods_ProductListDemo.framework in Frameworks */,
			);
			runOnlyForDeploymentPostprocessing = 0;
		};
/* End PBXFrameworksBuildPhase section */

/* Begin PBXGroup section */
		175E979C2779A46B00C31B46 /* Products */ = {
			isa = PBXGroup;
			children = (
				175E979D2779A48B00C31B46 /* ProductsAssembler.swift */,
				175E979E2779A48B00C31B46 /* ProductsNavigator.swift */,
				175E979F2779A48B00C31B46 /* ProductsUseCase.swift */,
				175E97A02779A48B00C31B46 /* ProductsViewController.swift */,
				175E97A12779A48B00C31B46 /* ProductsViewModel.swift */,
				175E97A72779A67F00C31B46 /* Product.storyboard */,
				175E97A92779A6D100C31B46 /* Storyboards+Product.swift */,
				175E97AD2779AABA00C31B46 /* ProductCell.swift */,
				175E97AE2779AABA00C31B46 /* ProductCell.xib */,
			);
			path = Products;
			sourceTree = "<group>";
		};
		175E97B12779ACA700C31B46 /* Products */ = {
			isa = PBXGroup;
			children = (
				175E97B22779ACB600C31B46 /* GetProductList.swift */,
			);
			path = Products;
			sourceTree = "<group>";
		};
		175E97B42779AD6100C31B46 /* Repositories */ = {
			isa = PBXGroup;
			children = (
				175E97BD2779AE8300C31B46 /* ProductRepository.swift */,
				175E97B52779ADA900C31B46 /* UserRepository.swift */,
			);
			path = Repositories;
			sourceTree = "<group>";
		};
		17FAC17C2779A15500E3C190 = {
			isa = PBXGroup;
			children = (
				17FAC1872779A15500E3C190 /* ProductListDemo */,
				17FAC1862779A15500E3C190 /* Products */,
				BE090CED7F15560A1A311123 /* Pods */,
				8CEFFD9222281A61EE190773 /* Frameworks */,
			);
			sourceTree = "<group>";
		};
		17FAC1862779A15500E3C190 /* Products */ = {
			isa = PBXGroup;
			children = (
				17FAC1852779A15500E3C190 /* ProductListDemo.app */,
			);
			name = Products;
			sourceTree = "<group>";
		};
		17FAC1872779A15500E3C190 /* ProductListDemo */ = {
			isa = PBXGroup;
			children = (
				17FAC1882779A15500E3C190 /* AppDelegate.swift */,
				17FAC18A2779A15500E3C190 /* Podfile */,
				17FAC18C2779A15500E3C190 /* .swiftlint.yml */,
				17FAC18E2779A15500E3C190 /* Assembler.swift */,
				17FAC1902779A15500E3C190 /* UnitTestViewController.swift */,
				17FAC1C92779A15600E3C190 /* Assets.xcassets */,
				17FAC1CB2779A15600E3C190 /* LaunchScreen.storyboard */,
				17FAC1922779A15500E3C190 /* Config */,
				17FAC1952779A15500E3C190 /* Domain */,
				17FAC19C2779A15500E3C190 /* Data */,
				17FAC1A92779A15500E3C190 /* Scenes */,
				17FAC1C42779A15500E3C190 /* Extensions */,
			);
			path = ProductListDemo;
			sourceTree = "<group>";
		};
		17FAC1922779A15500E3C190 /* Config */ = {
			isa = PBXGroup;
			children = (
				17FAC1932779A15500E3C190 /* APIUrls.swift */,
			);
			path = Config;
			sourceTree = "<group>";
		};
		17FAC1952779A15500E3C190 /* Domain */ = {
			isa = PBXGroup;
			children = (
				17FAC1962779A15500E3C190 /* Entities */,
				17FAC1992779A15500E3C190 /* UseCases */,
			);
			path = Domain;
			sourceTree = "<group>";
		};
		17FAC1962779A15500E3C190 /* Entities */ = {
			isa = PBXGroup;
			children = (
				175E97AB2779A82C00C31B46 /* Product.swift */,
			);
			path = Entities;
			sourceTree = "<group>";
		};
		17FAC1992779A15500E3C190 /* UseCases */ = {
			isa = PBXGroup;
			children = (
				175E97B12779ACA700C31B46 /* Products */,
			);
			path = UseCases;
			sourceTree = "<group>";
		};
		17FAC19C2779A15500E3C190 /* Data */ = {
			isa = PBXGroup;
			children = (
				175E97B42779AD6100C31B46 /* Repositories */,
				17FAC19D2779A15500E3C190 /* API */,
				17FAC1A62779A15500E3C190 /* Gateways */,
			);
			path = Data;
			sourceTree = "<group>";
		};
		17FAC19D2779A15500E3C190 /* API */ = {
			isa = PBXGroup;
			children = (
				17FAC19E2779A15500E3C190 /* APIError.swift */,
				17FAC1A02779A15500E3C190 /* APIInput.swift */,
				17FAC1A22779A15500E3C190 /* APIOutput.swift */,
				17FAC1A42779A15500E3C190 /* APIService.swift */,
			);
			path = API;
			sourceTree = "<group>";
		};
		17FAC1A62779A15500E3C190 /* Gateways */ = {
			isa = PBXGroup;
			children = (
				17FAC1A72779A15500E3C190 /* GatewaysAssembler.swift */,
				175E97BB2779AE1800C31B46 /* ProductGateway.swift */,
			);
			path = Gateways;
			sourceTree = "<group>";
		};
		17FAC1A92779A15500E3C190 /* Scenes */ = {
			isa = PBXGroup;
			children = (
				17FAC1AA2779A15500E3C190 /* Storyboards.swift */,
				175E979C2779A46B00C31B46 /* Products */,
				17FAC1AC2779A15500E3C190 /* App */,
				17FAC1B52779A15500E3C190 /* Main */,
			);
			path = Scenes;
			sourceTree = "<group>";
		};
		17FAC1AC2779A15500E3C190 /* App */ = {
			isa = PBXGroup;
			children = (
				17FAC1AD2779A15500E3C190 /* AppAssembler.swift */,
				17FAC1AF2779A15500E3C190 /* AppNavigator.swift */,
				17FAC1B12779A15500E3C190 /* AppUseCase.swift */,
				17FAC1B32779A15500E3C190 /* AppViewModel.swift */,
			);
			path = App;
			sourceTree = "<group>";
		};
		17FAC1B52779A15500E3C190 /* Main */ = {
			isa = PBXGroup;
			children = (
				17FAC1B62779A15500E3C190 /* Main.storyboard */,
				17FAC1B82779A15500E3C190 /* Storyboards+Main.swift */,
				17FAC1BA2779A15500E3C190 /* MainAssembler.swift */,
				17FAC1BC2779A15500E3C190 /* MainNavigator.swift */,
				17FAC1BE2779A15500E3C190 /* MainUseCase.swift */,
				17FAC1C02779A15500E3C190 /* MainViewController.swift */,
				17FAC1C22779A15500E3C190 /* MainViewModel.swift */,
			);
			path = Main;
			sourceTree = "<group>";
		};
		17FAC1C42779A15500E3C190 /* Extensions */ = {
			isa = PBXGroup;
			children = (
				17FAC1C52779A15500E3C190 /* UIViewController+.swift */,
				17FAC1C72779A15500E3C190 /* UIViewController+Rx.swift */,
			);
			path = Extensions;
			sourceTree = "<group>";
		};
		8CEFFD9222281A61EE190773 /* Frameworks */ = {
			isa = PBXGroup;
			children = (
				118EEA5579817C1E1257A3E9 /* Pods_ProductListDemo.framework */,
			);
			name = Frameworks;
			sourceTree = "<group>";
		};
		BE090CED7F15560A1A311123 /* Pods */ = {
			isa = PBXGroup;
			children = (
				18E6F0B28CE1AD87DAD50EAD /* Pods-ProductListDemo.debug.xcconfig */,
				A0B53E73CC9DA5F0AFF28911 /* Pods-ProductListDemo.release.xcconfig */,
			);
			path = Pods;
			sourceTree = "<group>";
		};
/* End PBXGroup section */

/* Begin PBXNativeTarget section */
		17FAC1842779A15500E3C190 /* ProductListDemo */ = {
			isa = PBXNativeTarget;
			buildConfigurationList = 17FAC1D02779A15600E3C190 /* Build configuration list for PBXNativeTarget "ProductListDemo" */;
			buildPhases = (
				EDBBF154EED96022226B8A8A /* [CP] Check Pods Manifest.lock */,
				17FAC1812779A15500E3C190 /* Sources */,
				17FAC1822779A15500E3C190 /* Frameworks */,
				17FAC1832779A15500E3C190 /* Resources */,
				86F669F0034CFC11CE50E042 /* [CP] Embed Pods Frameworks */,
			);
			buildRules = (
			);
			dependencies = (
			);
			name = ProductListDemo;
			productName = ProductListDemo;
			productReference = 17FAC1852779A15500E3C190 /* ProductListDemo.app */;
			productType = "com.apple.product-type.application";
		};
/* End PBXNativeTarget section */

/* Begin PBXProject section */
		17FAC17D2779A15500E3C190 /* Project object */ = {
			isa = PBXProject;
			attributes = {
				BuildIndependentTargetsInParallel = 1;
				LastSwiftUpdateCheck = 1320;
				LastUpgradeCheck = 1320;
				TargetAttributes = {
					17FAC1842779A15500E3C190 = {
						CreatedOnToolsVersion = 13.2;
					};
				};
			};
			buildConfigurationList = 17FAC1802779A15500E3C190 /* Build configuration list for PBXProject "ProductListDemo" */;
			compatibilityVersion = "Xcode 13.0";
			developmentRegion = en;
			hasScannedForEncodings = 0;
			knownRegions = (
				en,
				Base,
			);
			mainGroup = 17FAC17C2779A15500E3C190;
			productRefGroup = 17FAC1862779A15500E3C190 /* Products */;
			projectDirPath = "";
			projectRoot = "";
			targets = (
				17FAC1842779A15500E3C190 /* ProductListDemo */,
			);
		};
/* End PBXProject section */

/* Begin PBXResourcesBuildPhase section */
		17FAC1832779A15500E3C190 /* Resources */ = {
			isa = PBXResourcesBuildPhase;
			buildActionMask = 2147483647;
			files = (
				17FAC1B72779A15500E3C190 /* Main.storyboard in Resources */,
				175E97B02779AABA00C31B46 /* ProductCell.xib in Resources */,
				175E97A82779A67F00C31B46 /* Product.storyboard in Resources */,
				17FAC18D2779A15500E3C190 /* .swiftlint.yml in Resources */,
				17FAC1CD2779A15600E3C190 /* LaunchScreen.storyboard in Resources */,
				17FAC1CA2779A15600E3C190 /* Assets.xcassets in Resources */,
				17FAC18B2779A15500E3C190 /* Podfile in Resources */,
			);
			runOnlyForDeploymentPostprocessing = 0;
		};
/* End PBXResourcesBuildPhase section */

/* Begin PBXShellScriptBuildPhase section */
		86F669F0034CFC11CE50E042 /* [CP] Embed Pods Frameworks */ = {
			isa = PBXShellScriptBuildPhase;
			buildActionMask = 2147483647;
			files = (
			);
			inputFileListPaths = (
				"${PODS_ROOT}/Target Support Files/Pods-ProductListDemo/Pods-ProductListDemo-frameworks-${CONFIGURATION}-input-files.xcfilelist",
			);
			name = "[CP] Embed Pods Frameworks";
			outputFileListPaths = (
				"${PODS_ROOT}/Target Support Files/Pods-ProductListDemo/Pods-ProductListDemo-frameworks-${CONFIGURATION}-output-files.xcfilelist",
			);
			runOnlyForDeploymentPostprocessing = 0;
			shellPath = /bin/sh;
			shellScript = "\"${PODS_ROOT}/Target Support Files/Pods-ProductListDemo/Pods-ProductListDemo-frameworks.sh\"\n";
			showEnvVarsInLog = 0;
		};
		EDBBF154EED96022226B8A8A /* [CP] Check Pods Manifest.lock */ = {
			isa = PBXShellScriptBuildPhase;
			buildActionMask = 2147483647;
			files = (
			);
			inputFileListPaths = (
			);
			inputPaths = (
				"${PODS_PODFILE_DIR_PATH}/Podfile.lock",
				"${PODS_ROOT}/Manifest.lock",
			);
			name = "[CP] Check Pods Manifest.lock";
			outputFileListPaths = (
			);
			outputPaths = (
				"$(DERIVED_FILE_DIR)/Pods-ProductListDemo-checkManifestLockResult.txt",
			);
			runOnlyForDeploymentPostprocessing = 0;
			shellPath = /bin/sh;
			shellScript = "diff \"${PODS_PODFILE_DIR_PATH}/Podfile.lock\" \"${PODS_ROOT}/Manifest.lock\" > /dev/null\nif [ $? != 0 ] ; then\n    # print error to STDERR\n    echo \"error: The sandbox is not in sync with the Podfile.lock. Run 'pod install' or update your CocoaPods installation.\" >&2\n    exit 1\nfi\n# This output is used by Xcode 'outputs' to avoid re-running this script phase.\necho \"SUCCESS\" > \"${SCRIPT_OUTPUT_FILE_0}\"\n";
			showEnvVarsInLog = 0;
		};
/* End PBXShellScriptBuildPhase section */

/* Begin PBXSourcesBuildPhase section */
		17FAC1812779A15500E3C190 /* Sources */ = {
			isa = PBXSourcesBuildPhase;
			buildActionMask = 2147483647;
			files = (
				17FAC1942779A15500E3C190 /* APIUrls.swift in Sources */,
				17FAC1BB2779A15500E3C190 /* MainAssembler.swift in Sources */,
				17FAC1A12779A15500E3C190 /* APIInput.swift in Sources */,
				17FAC1B42779A15500E3C190 /* AppViewModel.swift in Sources */,
				17FAC1B92779A15500E3C190 /* Storyboards+Main.swift in Sources */,
				17FAC1C12779A15500E3C190 /* MainViewController.swift in Sources */,
				17FAC1912779A15500E3C190 /* UnitTestViewController.swift in Sources */,
				17FAC1B22779A15500E3C190 /* AppUseCase.swift in Sources */,
				17FAC18F2779A15500E3C190 /* Assembler.swift in Sources */,
				175E97A62779A48B00C31B46 /* ProductsViewModel.swift in Sources */,
				175E97A32779A48B00C31B46 /* ProductsNavigator.swift in Sources */,
				17FAC1BF2779A15500E3C190 /* MainUseCase.swift in Sources */,
				17FAC1A82779A15500E3C190 /* GatewaysAssembler.swift in Sources */,
				17FAC1B02779A15500E3C190 /* AppNavigator.swift in Sources */,
				175E97B62779ADA900C31B46 /* UserRepository.swift in Sources */,
				175E97B32779ACB600C31B46 /* GetProductList.swift in Sources */,
				17FAC1BD2779A15500E3C190 /* MainNavigator.swift in Sources */,
				175E97AC2779A82C00C31B46 /* Product.swift in Sources */,
				17FAC1A32779A15500E3C190 /* APIOutput.swift in Sources */,
				17FAC1C62779A15500E3C190 /* UIViewController+.swift in Sources */,
				175E97A52779A48B00C31B46 /* ProductsViewController.swift in Sources */,
				175E97BE2779AE8300C31B46 /* ProductRepository.swift in Sources */,
				17FAC1AE2779A15500E3C190 /* AppAssembler.swift in Sources */,
				17FAC1C32779A15500E3C190 /* MainViewModel.swift in Sources */,
				17FAC1AB2779A15500E3C190 /* Storyboards.swift in Sources */,
				17FAC19F2779A15500E3C190 /* APIError.swift in Sources */,
				17FAC1A52779A15500E3C190 /* APIService.swift in Sources */,
				17FAC1C82779A15500E3C190 /* UIViewController+Rx.swift in Sources */,
				175E97AA2779A6D100C31B46 /* Storyboards+Product.swift in Sources */,
				175E97BC2779AE1800C31B46 /* ProductGateway.swift in Sources */,
				175E97A22779A48B00C31B46 /* ProductsAssembler.swift in Sources */,
				175E97AF2779AABA00C31B46 /* ProductCell.swift in Sources */,
				175E97A42779A48B00C31B46 /* ProductsUseCase.swift in Sources */,
				17FAC1892779A15500E3C190 /* AppDelegate.swift in Sources */,
			);
			runOnlyForDeploymentPostprocessing = 0;
		};
/* End PBXSourcesBuildPhase section */

/* Begin PBXVariantGroup section */
		17FAC1CB2779A15600E3C190 /* LaunchScreen.storyboard */ = {
			isa = PBXVariantGroup;
			children = (
				17FAC1CC2779A15600E3C190 /* Base */,
			);
			name = LaunchScreen.storyboard;
			sourceTree = "<group>";
		};
/* End PBXVariantGroup section */

/* Begin XCBuildConfiguration section */
		17FAC1CE2779A15600E3C190 /* Debug */ = {
			isa = XCBuildConfiguration;
			buildSettings = {
				ALWAYS_SEARCH_USER_PATHS = NO;
				CLANG_ANALYZER_NONNULL = YES;
				CLANG_ANALYZER_NUMBER_OBJECT_CONVERSION = YES_AGGRESSIVE;
				CLANG_CXX_LANGUAGE_STANDARD = "gnu++17";
				CLANG_CXX_LIBRARY = "libc++";
				CLANG_ENABLE_MODULES = YES;
				CLANG_ENABLE_OBJC_ARC = YES;
				CLANG_ENABLE_OBJC_WEAK = YES;
				CLANG_WARN_BLOCK_CAPTURE_AUTORELEASING = YES;
				CLANG_WARN_BOOL_CONVERSION = YES;
				CLANG_WARN_COMMA = YES;
				CLANG_WARN_CONSTANT_CONVERSION = YES;
				CLANG_WARN_DEPRECATED_OBJC_IMPLEMENTATIONS = YES;
				CLANG_WARN_DIRECT_OBJC_ISA_USAGE = YES_ERROR;
				CLANG_WARN_DOCUMENTATION_COMMENTS = YES;
				CLANG_WARN_EMPTY_BODY = YES;
				CLANG_WARN_ENUM_CONVERSION = YES;
				CLANG_WARN_INFINITE_RECURSION = YES;
				CLANG_WARN_INT_CONVERSION = YES;
				CLANG_WARN_NON_LITERAL_NULL_CONVERSION = YES;
				CLANG_WARN_OBJC_IMPLICIT_RETAIN_SELF = YES;
				CLANG_WARN_OBJC_LITERAL_CONVERSION = YES;
				CLANG_WARN_OBJC_ROOT_CLASS = YES_ERROR;
				CLANG_WARN_QUOTED_INCLUDE_IN_FRAMEWORK_HEADER = YES;
				CLANG_WARN_RANGE_LOOP_ANALYSIS = YES;
				CLANG_WARN_STRICT_PROTOTYPES = YES;
				CLANG_WARN_SUSPICIOUS_MOVE = YES;
				CLANG_WARN_UNGUARDED_AVAILABILITY = YES_AGGRESSIVE;
				CLANG_WARN_UNREACHABLE_CODE = YES;
				CLANG_WARN__DUPLICATE_METHOD_MATCH = YES;
				COPY_PHASE_STRIP = NO;
				DEBUG_INFORMATION_FORMAT = dwarf;
				ENABLE_STRICT_OBJC_MSGSEND = YES;
				ENABLE_TESTABILITY = YES;
				GCC_C_LANGUAGE_STANDARD = gnu11;
				GCC_DYNAMIC_NO_PIC = NO;
				GCC_NO_COMMON_BLOCKS = YES;
				GCC_OPTIMIZATION_LEVEL = 0;
				GCC_PREPROCESSOR_DEFINITIONS = (
					"DEBUG=1",
					"$(inherited)",
				);
				GCC_WARN_64_TO_32_BIT_CONVERSION = YES;
				GCC_WARN_ABOUT_RETURN_TYPE = YES_ERROR;
				GCC_WARN_UNDECLARED_SELECTOR = YES;
				GCC_WARN_UNINITIALIZED_AUTOS = YES_AGGRESSIVE;
				GCC_WARN_UNUSED_FUNCTION = YES;
				GCC_WARN_UNUSED_VARIABLE = YES;
				IPHONEOS_DEPLOYMENT_TARGET = 15.2;
				MTL_ENABLE_DEBUG_INFO = INCLUDE_SOURCE;
				MTL_FAST_MATH = YES;
				ONLY_ACTIVE_ARCH = YES;
				SDKROOT = iphoneos;
				SWIFT_ACTIVE_COMPILATION_CONDITIONS = DEBUG;
				SWIFT_OPTIMIZATION_LEVEL = "-Onone";
			};
			name = Debug;
		};
		17FAC1CF2779A15600E3C190 /* Release */ = {
			isa = XCBuildConfiguration;
			buildSettings = {
				ALWAYS_SEARCH_USER_PATHS = NO;
				CLANG_ANALYZER_NONNULL = YES;
				CLANG_ANALYZER_NUMBER_OBJECT_CONVERSION = YES_AGGRESSIVE;
				CLANG_CXX_LANGUAGE_STANDARD = "gnu++17";
				CLANG_CXX_LIBRARY = "libc++";
				CLANG_ENABLE_MODULES = YES;
				CLANG_ENABLE_OBJC_ARC = YES;
				CLANG_ENABLE_OBJC_WEAK = YES;
				CLANG_WARN_BLOCK_CAPTURE_AUTORELEASING = YES;
				CLANG_WARN_BOOL_CONVERSION = YES;
				CLANG_WARN_COMMA = YES;
				CLANG_WARN_CONSTANT_CONVERSION = YES;
				CLANG_WARN_DEPRECATED_OBJC_IMPLEMENTATIONS = YES;
				CLANG_WARN_DIRECT_OBJC_ISA_USAGE = YES_ERROR;
				CLANG_WARN_DOCUMENTATION_COMMENTS = YES;
				CLANG_WARN_EMPTY_BODY = YES;
				CLANG_WARN_ENUM_CONVERSION = YES;
				CLANG_WARN_INFINITE_RECURSION = YES;
				CLANG_WARN_INT_CONVERSION = YES;
				CLANG_WARN_NON_LITERAL_NULL_CONVERSION = YES;
				CLANG_WARN_OBJC_IMPLICIT_RETAIN_SELF = YES;
				CLANG_WARN_OBJC_LITERAL_CONVERSION = YES;
				CLANG_WARN_OBJC_ROOT_CLASS = YES_ERROR;
				CLANG_WARN_QUOTED_INCLUDE_IN_FRAMEWORK_HEADER = YES;
				CLANG_WARN_RANGE_LOOP_ANALYSIS = YES;
				CLANG_WARN_STRICT_PROTOTYPES = YES;
				CLANG_WARN_SUSPICIOUS_MOVE = YES;
				CLANG_WARN_UNGUARDED_AVAILABILITY = YES_AGGRESSIVE;
				CLANG_WARN_UNREACHABLE_CODE = YES;
				CLANG_WARN__DUPLICATE_METHOD_MATCH = YES;
				COPY_PHASE_STRIP = NO;
				DEBUG_INFORMATION_FORMAT = "dwarf-with-dsym";
				ENABLE_NS_ASSERTIONS = NO;
				ENABLE_STRICT_OBJC_MSGSEND = YES;
				GCC_C_LANGUAGE_STANDARD = gnu11;
				GCC_NO_COMMON_BLOCKS = YES;
				GCC_WARN_64_TO_32_BIT_CONVERSION = YES;
				GCC_WARN_ABOUT_RETURN_TYPE = YES_ERROR;
				GCC_WARN_UNDECLARED_SELECTOR = YES;
				GCC_WARN_UNINITIALIZED_AUTOS = YES_AGGRESSIVE;
				GCC_WARN_UNUSED_FUNCTION = YES;
				GCC_WARN_UNUSED_VARIABLE = YES;
				IPHONEOS_DEPLOYMENT_TARGET = 15.2;
				MTL_ENABLE_DEBUG_INFO = NO;
				MTL_FAST_MATH = YES;
				SDKROOT = iphoneos;
				SWIFT_COMPILATION_MODE = wholemodule;
				SWIFT_OPTIMIZATION_LEVEL = "-O";
				VALIDATE_PRODUCT = YES;
			};
			name = Release;
		};
		17FAC1D12779A15600E3C190 /* Debug */ = {
			isa = XCBuildConfiguration;
			baseConfigurationReference = 18E6F0B28CE1AD87DAD50EAD /* Pods-ProductListDemo.debug.xcconfig */;
			buildSettings = {
				ASSETCATALOG_COMPILER_APPICON_NAME = AppIcon;
				ASSETCATALOG_COMPILER_GLOBAL_ACCENT_COLOR_NAME = AccentColor;
				CODE_SIGN_STYLE = Automatic;
				CURRENT_PROJECT_VERSION = 1;
				GENERATE_INFOPLIST_FILE = YES;
				INFOPLIST_KEY_UIApplicationSupportsIndirectInputEvents = YES;
				INFOPLIST_KEY_UILaunchStoryboardName = LaunchScreen;
				INFOPLIST_KEY_UISupportedInterfaceOrientations_iPad = "UIInterfaceOrientationPortrait UIInterfaceOrientationPortraitUpsideDown UIInterfaceOrientationLandscapeLeft UIInterfaceOrientationLandscapeRight";
				INFOPLIST_KEY_UISupportedInterfaceOrientations_iPhone = "UIInterfaceOrientationPortrait UIInterfaceOrientationLandscapeLeft UIInterfaceOrientationLandscapeRight";
				LD_RUNPATH_SEARCH_PATHS = (
					"$(inherited)",
					"@executable_path/Frameworks",
				);
				MARKETING_VERSION = 1.0;
				PRODUCT_BUNDLE_IDENTIFIER = truong.tuan.productListDemo.ProductListDemo;
				PRODUCT_NAME = "$(TARGET_NAME)";
				SWIFT_EMIT_LOC_STRINGS = YES;
				SWIFT_VERSION = 5.0;
				TARGETED_DEVICE_FAMILY = "1,2";
			};
			name = Debug;
		};
		17FAC1D22779A15600E3C190 /* Release */ = {
			isa = XCBuildConfiguration;
			baseConfigurationReference = A0B53E73CC9DA5F0AFF28911 /* Pods-ProductListDemo.release.xcconfig */;
			buildSettings = {
				ASSETCATALOG_COMPILER_APPICON_NAME = AppIcon;
				ASSETCATALOG_COMPILER_GLOBAL_ACCENT_COLOR_NAME = AccentColor;
				CODE_SIGN_STYLE = Automatic;
				CURRENT_PROJECT_VERSION = 1;
				GENERATE_INFOPLIST_FILE = YES;
				INFOPLIST_KEY_UIApplicationSupportsIndirectInputEvents = YES;
				INFOPLIST_KEY_UILaunchStoryboardName = LaunchScreen;
				INFOPLIST_KEY_UISupportedInterfaceOrientations_iPad = "UIInterfaceOrientationPortrait UIInterfaceOrientationPortraitUpsideDown UIInterfaceOrientationLandscapeLeft UIInterfaceOrientationLandscapeRight";
				INFOPLIST_KEY_UISupportedInterfaceOrientations_iPhone = "UIInterfaceOrientationPortrait UIInterfaceOrientationLandscapeLeft UIInterfaceOrientationLandscapeRight";
				LD_RUNPATH_SEARCH_PATHS = (
					"$(inherited)",
					"@executable_path/Frameworks",
				);
				MARKETING_VERSION = 1.0;
				PRODUCT_BUNDLE_IDENTIFIER = truong.tuan.productListDemo.ProductListDemo;
				PRODUCT_NAME = "$(TARGET_NAME)";
				SWIFT_EMIT_LOC_STRINGS = YES;
				SWIFT_VERSION = 5.0;
				TARGETED_DEVICE_FAMILY = "1,2";
			};
			name = Release;
		};
/* End XCBuildConfiguration section */

/* Begin XCConfigurationList section */
		17FAC1802779A15500E3C190 /* Build configuration list for PBXProject "ProductListDemo" */ = {
			isa = XCConfigurationList;
			buildConfigurations = (
				17FAC1CE2779A15600E3C190 /* Debug */,
				17FAC1CF2779A15600E3C190 /* Release */,
			);
			defaultConfigurationIsVisible = 0;
			defaultConfigurationName = Release;
		};
		17FAC1D02779A15600E3C190 /* Build configuration list for PBXNativeTarget "ProductListDemo" */ = {
			isa = XCConfigurationList;
			buildConfigurations = (
				17FAC1D12779A15600E3C190 /* Debug */,
				17FAC1D22779A15600E3C190 /* Release */,
			);
			defaultConfigurationIsVisible = 0;
			defaultConfigurationName = Release;
		};
/* End XCConfigurationList section */
	};
	rootObject = 17FAC17D2779A15500E3C190 /* Project object */;
}
